
Microsoft Visual Studio Solution File, Format Version 12.00
# Visual Studio Version 17
VisualStudioVersion = 17.8.34330.188
MinimumVisualStudioVersion = 10.0.40219.1
Project("{FAE04EC0-301F-11D3-BF4B-00C04F79EFBC}") = "WebApi", "WebApi.csproj", "{B74116DB-7652-4C0E-AC63-C8237A26B635}"
EndProject
Global
	GlobalSection(SolutionConfigurationPlatforms) = preSolution
		Debug|Any CPU = Debug|Any CPU
		Release|Any CPU = Release|Any CPU
	EndGlobalSection
	GlobalSection(ProjectConfigurationPlatforms) = postSolution
		{B74116DB-7652-4C0E-AC63-C8237A26B635}.Debug|Any CPU.ActiveCfg = Debug|Any CPU
		{B74116DB-7652-4C0E-AC63-C8237A26B635}.Debug|Any CPU.Build.0 = Debug|Any CPU
		{B74116DB-7652-4C0E-AC63-C8237A26B635}.Release|Any CPU.ActiveCfg = Release|Any CPU
		{B74116DB-7652-4C0E-AC63-C8237A26B635}.Release|Any CPU.Build.0 = Release|Any CPU
	EndGlobalSection
	GlobalSection(SolutionProperties) = preSolution
		HideSolutionNode = FALSE
	EndGlobalSection
	GlobalSection(ExtensibilityGlobals) = postSolution
		SolutionGuid = {35223429-55A9-4F20-BEC0-3AFA0E724B27}
	EndGlobalSection
EndGlobal
